
Microsoft Visual Studio Solution File, Format Version 12.00
# Visual Studio Version 16
VisualStudioVersion = 16.0.33529.622
MinimumVisualStudioVersion = 10.0.40219.1
Project("{FAE04EC0-301F-11D3-BF4B-00C04F79EFBC}") = "AmitJi", "AmitJi\AmitJi.csproj", "{CEA7EB23-E46D-4D8D-B115-7AEBA03FE2B2}"
EndProject
Global
	GlobalSection(SolutionConfigurationPlatforms) = preSolution
		Debug|Any CPU = Debug|Any CPU
		Release|Any CPU = Release|Any CPU
	EndGlobalSection
	GlobalSection(ProjectConfigurationPlatforms) = postSolution
		{CEA7EB23-E46D-4D8D-B115-7AEBA03FE2B2}.Debug|Any CPU.ActiveCfg = Debug|Any CPU
		{CEA7EB23-E46D-4D8D-B115-7AEBA03FE2B2}.Debug|Any CPU.Build.0 = Debug|Any CPU
		{CEA7EB23-E46D-4D8D-B115-7AEBA03FE2B2}.Release|Any CPU.ActiveCfg = Release|Any CPU
		{CEA7EB23-E46D-4D8D-B115-7AEBA03FE2B2}.Release|Any CPU.Build.0 = Release|Any CPU
	EndGlobalSection
	GlobalSection(SolutionProperties) = preSolution
		HideSolutionNode = FALSE
	EndGlobalSection
	GlobalSection(ExtensibilityGlobals) = postSolution
		SolutionGuid = {3B583EB6-DA4C-4CFC-91F8-42DA33926EC6}
	EndGlobalSection
EndGlobal
